
Microsoft Visual Studio Solution File, Format Version 12.00
# Visual Studio Version 17
VisualStudioVersion = 17.7.34018.315
MinimumVisualStudioVersion = 10.0.40219.1
Project("{FAE04EC0-301F-11D3-BF4B-00C04F79EFBC}") = "local-network-chat-app", "local-network-chat-app.csproj", "{D21D410B-D90B-47C6-90B8-C50E4E093EBA}"
EndProject
Global
	GlobalSection(SolutionConfigurationPlatforms) = preSolution
		Debug|Any CPU = Debug|Any CPU
		Release|Any CPU = Release|Any CPU
	EndGlobalSection
	GlobalSection(ProjectConfigurationPlatforms) = postSolution
		{D21D410B-D90B-47C6-90B8-C50E4E093EBA}.Debug|Any CPU.ActiveCfg = Debug|Any CPU
		{D21D410B-D90B-47C6-90B8-C50E4E093EBA}.Debug|Any CPU.Build.0 = Debug|Any CPU
		{D21D410B-D90B-47C6-90B8-C50E4E093EBA}.Release|Any CPU.ActiveCfg = Release|Any CPU
		{D21D410B-D90B-47C6-90B8-C50E4E093EBA}.Release|Any CPU.Build.0 = Release|Any CPU
	EndGlobalSection
	GlobalSection(SolutionProperties) = preSolution
		HideSolutionNode = FALSE
	EndGlobalSection
	GlobalSection(ExtensibilityGlobals) = postSolution
		SolutionGuid = {6E5FBA5F-4B8D-458E-85FD-F493B2ECD803}
	EndGlobalSection
EndGlobal
